<?xml version="1.0" encoding="utf-8"?>
<Project ToolsVersion="4.0" xmlns="http://schemas.microsoft.com/developer/msbuild/2003">
  <ItemGroup>
    <Filter Include="Zong">
      <UniqueIdentifier>{6350907C-4F87-910D-F873-7710E4890D0F}</UniqueIdentifier>
    </Filter>
    <Filter Include="Zong\log">
      <UniqueIdentifier>{D46953F3-C036-AEFE-E94F-9CA6D57BE38C}</UniqueIdentifier>
    </Filter>
  </ItemGroup>
  <ItemGroup>
    <ClInclude Include="src\Zong.h" />
    <ClInclude Include="src\Zong\app.h">
      <Filter>Zong</Filter>
    </ClInclude>
    <ClInclude Include="src\Zong\core.h">
      <Filter>Zong</Filter>
    </ClInclude>
    <ClInclude Include="src\Zong\entry_point.h">
      <Filter>Zong</Filter>
    </ClInclude>
    <ClInclude Include="src\Zong\log\log.h">
      <Filter>Zong\log</Filter>
    </ClInclude>
    <ClInclude Include="src\pch.h" />
    <ClInclude Include="src\Zong\layers\layer.h" />
    <ClInclude Include="src\Zong\graphic\window.h" />
    <ClInclude Include="src\Zong\event\event_handler.h" />
    <ClInclude Include="src\Zong\event\event_dispatcher.h" />
    <ClInclude Include="src\Zong\event\event.h" />
    <ClInclude Include="src\Zong\event\key\key_event.h" />
    <ClInclude Include="src\Zong\event\key\key_released_event.h" />
    <ClInclude Include="src\Zong\event\key\key_pressed_event.h" />
    <ClInclude Include="src\Zong\event\mouse\mouse_moved_event.h" />
    <ClInclude Include="src\Zong\event\mouse\mouse_scrolled_event.h" />
    <ClInclude Include="src\Zong\event\mouse\mouse_button_event.h" />
    <ClInclude Include="src\Zong\event\window\window_resized_event.h" />
    <ClInclude Include="src\Zong\event\window\window_closed_event.h" />
  </ItemGroup>
  <ItemGroup>
    <ClCompile Include="src\Zong\app.cpp">
      <Filter>Zong</Filter>
    </ClCompile>
    <ClCompile Include="src\Zong\log\log.cpp">
      <Filter>Zong\log</Filter>
    </ClCompile>
    <ClCompile Include="src\pch.cpp" />
    <ClCompile Include="src\Zong\layers\layer.cpp" />
    <ClCompile Include="src\Zong\graphic\window.cpp" />
    <ClCompile Include="src\Zong\event\event_handler.cpp" />
    <ClCompile Include="src\Zong\event\event.cpp" />
    <ClCompile Include="src\Zong\event\key\key_event.cpp" />
    <ClCompile Include="src\Zong\event\key\key_pressed_event.cpp" />
    <ClCompile Include="src\Zong\event\key\key_released_event.cpp" />
    <ClCompile Include="src\Zong\event\mouse\mouse_moved_event.cpp" />
    <ClCompile Include="src\Zong\event\mouse\mouse_scrolled_event.cpp" />
    <ClCompile Include="src\Zong\event\mouse\mouse_button_event.cpp" />
    <ClCompile Include="src\Zong\event\window\window_resized_event.cpp" />
  </ItemGroup>
</Project>